PODS:
  - KVOController (1.2.0)
  - YAKit (0.1.5):
    - KVOController
  - YAMediaKit (0.0.1):
    - YAKit

DEPENDENCIES:
  - YAMediaKit (from `../YAMediaKit.podspec`)

EXTERNAL SOURCES:
  YAMediaKit:
    :path: ../YAMediaKit.podspec

SPEC CHECKSUMS:
  KVOController: d72ace34afea42468329623b3379ab3cd1d286b6
  YAKit: 782f2e0221bdbdf715c356a9509d1b28d4f49413
  YAMediaKit: 8a4d7a0af3a59710b20acee1b0ab13b60008c9f9

PODFILE CHECKSUM: b4c07b0896b5f4e0ec436ea0d9a6b5558db95048

COCOAPODS: 1.3.1
